// !$*UTF8*$!
{
	archiveVersion = 1;
	classes = {
	};
	objectVersion = 50;
	objects = {

/* Begin PBXBuildFile section */
		114D441C2406FDC3007866C9 /* AppDelegate.swift in Sources */ = {isa = PBXBuildFile; fileRef = 114D441B2406FDC3007866C9 /* AppDelegate.swift */; };
		114D441E2406FDC3007866C9 /* SceneDelegate.swift in Sources */ = {isa = PBXBuildFile; fileRef = 114D441D2406FDC3007866C9 /* SceneDelegate.swift */; };
		114D44232406FDC3007866C9 /* Main.storyboard in Resources */ = {isa = PBXBuildFile; fileRef = 114D44212406FDC3007866C9 /* Main.storyboard */; };
		114D44252406FDC5007866C9 /* Assets.xcassets in Resources */ = {isa = PBXBuildFile; fileRef = 114D44242406FDC5007866C9 /* Assets.xcassets */; };
		114D44282406FDC5007866C9 /* LaunchScreen.storyboard in Resources */ = {isa = PBXBuildFile; fileRef = 114D44262406FDC5007866C9 /* LaunchScreen.storyboard */; };
		114D44302406FDF6007866C9 /* UsefulViewController.swift in Sources */ = {isa = PBXBuildFile; fileRef = 114D442F2406FDF6007866C9 /* UsefulViewController.swift */; };
/* End PBXBuildFile section */

/* Begin PBXFileReference section */
		114D44182406FDC3007866C9 /* MyUsefulApp.app */ = {isa = PBXFileReference; explicitFileType = wrapper.application; includeInIndex = 0; path = MyUsefulApp.app; sourceTree = BUILT_PRODUCTS_DIR; };
		114D441B2406FDC3007866C9 /* AppDelegate.swift */ = {isa = PBXFileReference; lastKnownFileType = sourcecode.swift; path = AppDelegate.swift; sourceTree = "<group>"; };
		114D441D2406FDC3007866C9 /* SceneDelegate.swift */ = {isa = PBXFileReference; lastKnownFileType = sourcecode.swift; path = SceneDelegate.swift; sourceTree = "<group>"; };
		114D44222406FDC3007866C9 /* Base */ = {isa = PBXFileReference; lastKnownFileType = file.storyboard; name = Base; path = Base.lproj/Main.storyboard; sourceTree = "<group>"; };
		114D44242406FDC5007866C9 /* Assets.xcassets */ = {isa = PBXFileReference; lastKnownFileType = folder.assetcatalog; path = Assets.xcassets; sourceTree = "<group>"; };
		114D44272406FDC5007866C9 /* Base */ = {isa = PBXFileReference; lastKnownFileType = file.storyboard; name = Base; path = Base.lproj/LaunchScreen.storyboard; sourceTree = "<group>"; };
		114D44292406FDC5007866C9 /* Info.plist */ = {isa = PBXFileReference; lastKnownFileType = text.plist.xml; path = Info.plist; sourceTree = "<group>"; };
		114D442F2406FDF6007866C9 /* UsefulViewController.swift */ = {isa = PBXFileReference; lastKnownFileType = sourcecode.swift; path = UsefulViewController.swift; sourceTree = "<group>"; };
/* End PBXFileReference section */

/* Begin PBXFrameworksBuildPhase section */
		114D44152406FDC3007866C9 /* Frameworks */ = {
			isa = PBXFrameworksBuildPhase;
			buildActionMask = 2147483647;
			files = (
			);
			runOnlyForDeploymentPostprocessing = 0;
		};
/* End PBXFrameworksBuildPhase section */

/* Begin PBXGroup section */
		114D440F2406FDC3007866C9 = {
			isa = PBXGroup;
			children = (
				114D441A2406FDC3007866C9 /* MyUsefulApp */,
				114D44192406FDC3007866C9 /* Products */,
			);
			sourceTree = "<group>";
		};
		114D44192406FDC3007866C9 /* Products */ = {
			isa = PBXGroup;
			children = (
				114D44182406FDC3007866C9 /* MyUsefulApp.app */,
			);
			name = Products;
			sourceTree = "<group>";
		};
		114D441A2406FDC3007866C9 /* MyUsefulApp */ = {
			isa = PBXGroup;
			children = (
				114D441B2406FDC3007866C9 /* AppDelegate.swift */,
				114D441D2406FDC3007866C9 /* SceneDelegate.swift */,
				114D44212406FDC3007866C9 /* Main.storyboard */,
				114D442F2406FDF6007866C9 /* UsefulViewController.swift */,
				114D44242406FDC5007866C9 /* Assets.xcassets */,
				114D44262406FDC5007866C9 /* LaunchScreen.storyboard */,
				114D44292406FDC5007866C9 /* Info.plist */,
			);
			path = MyUsefulApp;
			sourceTree = "<group>";
		};
/* End PBXGroup section */

/* Begin PBXNativeTarget section */
		114D44172406FDC3007866C9 /* MyUsefulApp */ = {
			isa = PBXNativeTarget;
			buildConfigurationList = 114D442C2406FDC5007866C9 /* Build configuration list for PBXNativeTarget "MyUsefulApp" */;
			buildPhases = (
				114D44142406FDC3007866C9 /* Sources */,
				114D44152406FDC3007866C9 /* Frameworks */,
				114D44162406FDC3007866C9 /* Resources */,
			);
			buildRules = (
			);
			dependencies = (
			);
			name = MyUsefulApp;
			productName = MyUsefulApp;
			productReference = 114D44182406FDC3007866C9 /* MyUsefulApp.app */;
			productType = "com.apple.product-type.application";
		};
/* End PBXNativeTarget section */

/* Begin PBXProject section */
		114D44102406FDC3007866C9 /* Project object */ = {
			isa = PBXProject;
			attributes = {
				LastSwiftUpdateCheck = 1130;
				LastUpgradeCheck = 1130;
				ORGANIZATIONNAME = "FI MU";
				TargetAttributes = {
					114D44172406FDC3007866C9 = {
						CreatedOnToolsVersion = 11.3.1;
					};
				};
			};
			buildConfigurationList = 114D44132406FDC3007866C9 /* Build configuration list for PBXProject "MyUsefulApp" */;
			compatibilityVersion = "Xcode 9.3";
			developmentRegion = en;
			hasScannedForEncodings = 0;
			knownRegions = (
				en,
				Base,
			);
			mainGroup = 114D440F2406FDC3007866C9;
			productRefGroup = 114D44192406FDC3007866C9 /* Products */;
			projectDirPath = "";
			projectRoot = "";
			targets = (
				114D44172406FDC3007866C9 /* MyUsefulApp */,
			);
		};
/* End PBXProject section */

/* Begin PBXResourcesBuildPhase section */
		114D44162406FDC3007866C9 /* Resources */ = {
			isa = PBXResourcesBuildPhase;
			buildActionMask = 2147483647;
			files = (
				114D44282406FDC5007866C9 /* LaunchScreen.storyboard in Resources */,
				114D44252406FDC5007866C9 /* Assets.xcassets in Resources */,
				114D44232406FDC3007866C9 /* Main.storyboard in Resources */,
			);
			runOnlyForDeploymentPostprocessing = 0;
		};
/* End PBXResourcesBuildPhase section */

/* Begin PBXSourcesBuildPhase section */
		114D44142406FDC3007866C9 /* Sources */ = {
			isa = PBXSourcesBuildPhase;
			buildActionMask = 2147483647;
			files = (
				114D441C2406FDC3007866C9 /* AppDelegate.swift in Sources */,
				114D44302406FDF6007866C9 /* UsefulViewController.swift in Sources */,
				114D441E2406FDC3007866C9 /* SceneDelegate.swift in Sources */,
			);
			runOnlyForDeploymentPostprocessing = 0;
		};
/* End PBXSourcesBuildPhase section */

/* Begin PBXVariantGroup section */
		114D44212406FDC3007866C9 /* Main.storyboard */ = {
			isa = PBXVariantGroup;
			children = (
				114D44222406FDC3007866C9 /* Base */,
			);
			name = Main.storyboard;
			sourceTree = "<group>";
		};
		114D44262406FDC5007866C9 /* LaunchScreen.storyboard */ = {
			isa = PBXVariantGroup;
			children = (
				114D44272406FDC5007866C9 /* Base */,
			);
			name = LaunchScreen.storyboard;
			sourceTree = "<group>";
		};
/* End PBXVariantGroup section */

/* Begin XCBuildConfiguration section */
		114D442A2406FDC5007866C9 /* Debug */ = {
			isa = XCBuildConfiguration;
			buildSettings = {
				ALWAYS_SEARCH_USER_PATHS = NO;
				CLANG_ANALYZER_NONNULL = YES;
				CLANG_ANALYZER_NUMBER_OBJECT_CONVERSION = YES_AGGRESSIVE;
				CLANG_CXX_LANGUAGE_STANDARD = "gnu++14";
				CLANG_CXX_LIBRARY = "libc++";
				CLANG_ENABLE_MODULES = YES;
				CLANG_ENABLE_OBJC_ARC = YES;
				CLANG_ENABLE_OBJC_WEAK = YES;
				CLANG_WARN_BLOCK_CAPTURE_AUTORELEASING = YES;
				CLANG_WARN_BOOL_CONVERSION = YES;
				CLANG_WARN_COMMA = YES;
				CLANG_WARN_CONSTANT_CONVERSION = YES;
				CLANG_WARN_DEPRECATED_OBJC_IMPLEMENTATIONS = YES;
				CLANG_WARN_DIRECT_OBJC_ISA_USAGE = YES_ERROR;
				CLANG_WARN_DOCUMENTATION_COMMENTS = YES;
				CLANG_WARN_EMPTY_BODY = YES;
				CLANG_WARN_ENUM_CONVERSION = YES;
				CLANG_WARN_INFINITE_RECURSION = YES;
				CLANG_WARN_INT_CONVERSION = YES;
				CLANG_WARN_NON_LITERAL_NULL_CONVERSION = YES;
				CLANG_WARN_OBJC_IMPLICIT_RETAIN_SELF = YES;
				CLANG_WARN_OBJC_LITERAL_CONVERSION = YES;
				CLANG_WARN_OBJC_ROOT_CLASS = YES_ERROR;
				CLANG_WARN_RANGE_LOOP_ANALYSIS = YES;
				CLANG_WARN_STRICT_PROTOTYPES = YES;
				CLANG_WARN_SUSPICIOUS_MOVE = YES;
				CLANG_WARN_UNGUARDED_AVAILABILITY = YES_AGGRESSIVE;
				CLANG_WARN_UNREACHABLE_CODE = YES;
				CLANG_WARN__DUPLICATE_METHOD_MATCH = YES;
				COPY_PHASE_STRIP = NO;
				DEBUG_INFORMATION_FORMAT = dwarf;
				ENABLE_STRICT_OBJC_MSGSEND = YES;
				ENABLE_TESTABILITY = YES;
				GCC_C_LANGUAGE_STANDARD = gnu11;
				GCC_DYNAMIC_NO_PIC = NO;
				GCC_NO_COMMON_BLOCKS = YES;
				GCC_OPTIMIZATION_LEVEL = 0;
				GCC_PREPROCESSOR_DEFINITIONS = (
					"DEBUG=1",
					"$(inherited)",
				);
				GCC_WARN_64_TO_32_BIT_CONVERSION = YES;
				GCC_WARN_ABOUT_RETURN_TYPE = YES_ERROR;
				GCC_WARN_UNDECLARED_SELECTOR = YES;
				GCC_WARN_UNINITIALIZED_AUTOS = YES_AGGRESSIVE;
				GCC_WARN_UNUSED_FUNCTION = YES;
				GCC_WARN_UNUSED_VARIABLE = YES;
				IPHONEOS_DEPLOYMENT_TARGET = 13.2;
				MTL_ENABLE_DEBUG_INFO = INCLUDE_SOURCE;
				MTL_FAST_MATH = YES;
				ONLY_ACTIVE_ARCH = YES;
				SDKROOT = iphoneos;
				SWIFT_ACTIVE_COMPILATION_CONDITIONS = DEBUG;
				SWIFT_OPTIMIZATION_LEVEL = "-Onone";
			};
			name = Debug;
		};
		114D442B2406FDC5007866C9 /* Release */ = {
			isa = XCBuildConfiguration;
			buildSettings = {
				ALWAYS_SEARCH_USER_PATHS = NO;
				CLANG_ANALYZER_NONNULL = YES;
				CLANG_ANALYZER_NUMBER_OBJECT_CONVERSION = YES_AGGRESSIVE;
				CLANG_CXX_LANGUAGE_STANDARD = "gnu++14";
				CLANG_CXX_LIBRARY = "libc++";
				CLANG_ENABLE_MODULES = YES;
				CLANG_ENABLE_OBJC_ARC = YES;
				CLANG_ENABLE_OBJC_WEAK = YES;
				CLANG_WARN_BLOCK_CAPTURE_AUTORELEASING = YES;
				CLANG_WARN_BOOL_CONVERSION = YES;
				CLANG_WARN_COMMA = YES;
				CLANG_WARN_CONSTANT_CONVERSION = YES;
				CLANG_WARN_DEPRECATED_OBJC_IMPLEMENTATIONS = YES;
				CLANG_WARN_DIRECT_OBJC_ISA_USAGE = YES_ERROR;
				CLANG_WARN_DOCUMENTATION_COMMENTS = YES;
				CLANG_WARN_EMPTY_BODY = YES;
				CLANG_WARN_ENUM_CONVERSION = YES;
				CLANG_WARN_INFINITE_RECURSION = YES;
				CLANG_WARN_INT_CONVERSION = YES;
				CLANG_WARN_NON_LITERAL_NULL_CONVERSION = YES;
				CLANG_WARN_OBJC_IMPLICIT_RETAIN_SELF = YES;
				CLANG_WARN_OBJC_LITERAL_CONVERSION = YES;
				CLANG_WARN_OBJC_ROOT_CLASS = YES_ERROR;
				CLANG_WARN_RANGE_LOOP_ANALYSIS = YES;
				CLANG_WARN_STRICT_PROTOTYPES = YES;
				CLANG_WARN_SUSPICIOUS_MOVE = YES;
				CLANG_WARN_UNGUARDED_AVAILABILITY = YES_AGGRESSIVE;
				CLANG_WARN_UNREACHABLE_CODE = YES;
				CLANG_WARN__DUPLICATE_METHOD_MATCH = YES;
				COPY_PHASE_STRIP = NO;
				DEBUG_INFORMATION_FORMAT = "dwarf-with-dsym";
				ENABLE_NS_ASSERTIONS = NO;
				ENABLE_STRICT_OBJC_MSGSEND = YES;
				GCC_C_LANGUAGE_STANDARD = gnu11;
				GCC_NO_COMMON_BLOCKS = YES;
				GCC_WARN_64_TO_32_BIT_CONVERSION = YES;
				GCC_WARN_ABOUT_RETURN_TYPE = YES_ERROR;
				GCC_WARN_UNDECLARED_SELECTOR = YES;
				GCC_WARN_UNINITIALIZED_AUTOS = YES_AGGRESSIVE;
				GCC_WARN_UNUSED_FUNCTION = YES;
				GCC_WARN_UNUSED_VARIABLE = YES;
				IPHONEOS_DEPLOYMENT_TARGET = 13.2;
				MTL_ENABLE_DEBUG_INFO = NO;
				MTL_FAST_MATH = YES;
				SDKROOT = iphoneos;
				SWIFT_COMPILATION_MODE = wholemodule;
				SWIFT_OPTIMIZATION_LEVEL = "-O";
				VALIDATE_PRODUCT = YES;
			};
			name = Release;
		};
		114D442D2406FDC5007866C9 /* Debug */ = {
			isa = XCBuildConfiguration;
			buildSettings = {
				ASSETCATALOG_COMPILER_APPICON_NAME = AppIcon;
				CODE_SIGN_STYLE = Automatic;
				INFOPLIST_FILE = MyUsefulApp/Info.plist;
				LD_RUNPATH_SEARCH_PATHS = (
					"$(inherited)",
					"@executable_path/Frameworks",
				);
				PRODUCT_BUNDLE_IDENTIFIER = cz.muni.fi.MyUsefulApp;
				PRODUCT_NAME = "$(TARGET_NAME)";
				SWIFT_VERSION = 5.0;
				TARGETED_DEVICE_FAMILY = "1,2";
			};
			name = Debug;
		};
		114D442E2406FDC5007866C9 /* Release */ = {
			isa = XCBuildConfiguration;
			buildSettings = {
				ASSETCATALOG_COMPILER_APPICON_NAME = AppIcon;
				CODE_SIGN_STYLE = Automatic;
				INFOPLIST_FILE = MyUsefulApp/Info.plist;
				LD_RUNPATH_SEARCH_PATHS = (
					"$(inherited)",
					"@executable_path/Frameworks",
				);
				PRODUCT_BUNDLE_IDENTIFIER = cz.muni.fi.MyUsefulApp;
				PRODUCT_NAME = "$(TARGET_NAME)";
				SWIFT_VERSION = 5.0;
				TARGETED_DEVICE_FAMILY = "1,2";
			};
			name = Release;
		};
/* End XCBuildConfiguration section */

/* Begin XCConfigurationList section */
		114D44132406FDC3007866C9 /* Build configuration list for PBXProject "MyUsefulApp" */ = {
			isa = XCConfigurationList;
			buildConfigurations = (
				114D442A2406FDC5007866C9 /* Debug */,
				114D442B2406FDC5007866C9 /* Release */,
			);
			defaultConfigurationIsVisible = 0;
			defaultConfigurationName = Release;
		};
		114D442C2406FDC5007866C9 /* Build configuration list for PBXNativeTarget "MyUsefulApp" */ = {
			isa = XCConfigurationList;
			buildConfigurations = (
				114D442D2406FDC5007866C9 /* Debug */,
				114D442E2406FDC5007866C9 /* Release */,
			);
			defaultConfigurationIsVisible = 0;
			defaultConfigurationName = Release;
		};
/* End XCConfigurationList section */
	};
	rootObject = 114D44102406FDC3007866C9 /* Project object */;
}
